# THIS IS AN AUTOGENERATED FILE. DO NOT EDIT THIS FILE DIRECTLY.
# yarn lockfile v1


"@playwright/test@^1.40.0":
  version "1.54.1"
  resolved "https://registry.yarnpkg.com/@playwright/test/-/test-1.54.1.tgz#a76333e5c2cba5f12f96a6da978bba3ab073c7e6"
  integrity sha512-FS8hQ12acieG2dYSksmLOF7BNxnVf2afRJdCuM1eMSxj6QTSE6G4InGF7oApGgDb65MX7AwMVlIkpru0yZA4Xw==
  dependencies:
    playwright "1.54.1"

debug@^4.4.1:
  version "4.4.1"
  resolved "https://registry.yarnpkg.com/debug/-/debug-4.4.1.tgz#e5a8bc6cbc4c6cd3e64308b0693a3d4fa550189b"
  integrity sha512-KcKCqiftBJcZr++7ykoDIEwSa3XWowTfNPo92BYxjXiyYEVrUQh2aLyhxBCwww+heortUFxEJYcRzosstTEBYQ==
  dependencies:
    ms "^2.1.3"

fsevents@2.3.2:
  version "2.3.2"
  resolved "https://registry.yarnpkg.com/fsevents/-/fsevents-2.3.2.tgz#8a526f78b8fdf4623b709e0b975c52c24c02fd1a"
  integrity sha512-xiqMQR4xAeHTuB9uWm+fFRcIOgKBMiOBP+eXiyT7jsgVCq1bkVygt00oASowB7EdtpOHaaPgKt812P9ab+DDKA==

ms@^2.1.3:
  version "2.1.3"
  resolved "https://registry.yarnpkg.com/ms/-/ms-2.1.3.tgz#574c8138ce1d2b5861f0b44579dbadd60c6615b2"
  integrity sha512-6FlzubTLZG3J2a/NVCAleEhjzq5oxgHyaCU9yYXvcLsvoVaHJq/s5xXI6/XXP6tz7R9xAOtHnSO/tXtF3WRTlA==

playwright-core@1.54.1:
  version "1.54.1"
  resolved "https://registry.yarnpkg.com/playwright-core/-/playwright-core-1.54.1.tgz#d32edcce048c9d83ceac31e294a7b60ef586960b"
  integrity sha512-Nbjs2zjj0htNhzgiy5wu+3w09YetDx5pkrpI/kZotDlDUaYk0HVA5xrBVPdow4SAUIlhgKcJeJg4GRKW6xHusA==

playwright@1.54.1, playwright@^1.40.0:
  version "1.54.1"
  resolved "https://registry.yarnpkg.com/playwright/-/playwright-1.54.1.tgz#128d66a8d5182b5330e6440be3a72ca313362788"
  integrity sha512-peWpSwIBmSLi6aW2auvrUtf2DqY16YYcCMO8rTVx486jKmDTJg7UAhyrraP98GB8BoPURZP8+nxO7TSd4cPr5g==
  dependencies:
    playwright-core "1.54.1"
  optionalDependencies:
    fsevents "2.3.2"

post-me@^0.4.5:
  version "0.4.5"
  resolved "https://registry.yarnpkg.com/post-me/-/post-me-0.4.5.tgz#6171b721c7b86230c51cfbe48ddea047ef8831ce"
  integrity sha512-XgPdktF/2M5jglgVDULr9NUb/QNv3bY3g6RG22iTb5MIMtB07/5FJB5fbVmu5Eaopowc6uZx7K3e7x1shPwnXw==
